
Microsoft Visual Studio Solution File, Format Version 12.00
# Visual Studio Version 17
VisualStudioVersion = 17.12.35707.178
MinimumVisualStudioVersion = 10.0.40219.1
Project("{FAE04EC0-301F-11D3-BF4B-00C04F79EFBC}") = "DockerCourseApi", "DockerCourseApi\DockerCourseApi.csproj", "{A8BFF9DC-4AE0-4ECA-9BA9-9204642959C9}"
EndProject
Project("{FAE04EC0-301F-11D3-BF4B-00C04F79EFBC}") = "DockerCourseFrontend", "DockerCourseFrontend\DockerCourseFrontend.csproj", "{02A12CD2-2251-48DC-90BB-78D602C5D0D6}"
EndProject
Global
	GlobalSection(SolutionConfigurationPlatforms) = preSolution
		Debug|Any CPU = Debug|Any CPU
		Release|Any CPU = Release|Any CPU
	EndGlobalSection
	GlobalSection(ProjectConfigurationPlatforms) = postSolution
		{A8BFF9DC-4AE0-4ECA-9BA9-9204642959C9}.Debug|Any CPU.ActiveCfg = Debug|Any CPU
		{A8BFF9DC-4AE0-4ECA-9BA9-9204642959C9}.Debug|Any CPU.Build.0 = Debug|Any CPU
		{A8BFF9DC-4AE0-4ECA-9BA9-9204642959C9}.Release|Any CPU.ActiveCfg = Release|Any CPU
		{A8BFF9DC-4AE0-4ECA-9BA9-9204642959C9}.Release|Any CPU.Build.0 = Release|Any CPU
		{02A12CD2-2251-48DC-90BB-78D602C5D0D6}.Debug|Any CPU.ActiveCfg = Debug|Any CPU
		{02A12CD2-2251-48DC-90BB-78D602C5D0D6}.Debug|Any CPU.Build.0 = Debug|Any CPU
		{02A12CD2-2251-48DC-90BB-78D602C5D0D6}.Release|Any CPU.ActiveCfg = Release|Any CPU
		{02A12CD2-2251-48DC-90BB-78D602C5D0D6}.Release|Any CPU.Build.0 = Release|Any CPU
	EndGlobalSection
	GlobalSection(SolutionProperties) = preSolution
		HideSolutionNode = FALSE
	EndGlobalSection
EndGlobal
